
Microsoft Visual Studio Solution File, Format Version 12.00
# Visual Studio 2013
VisualStudioVersion = 12.0.30501.0
MinimumVisualStudioVersion = 10.0.40219.1
Project("{FAE04EC0-301F-11D3-BF4B-00C04F79EFBC}") = "WebApplication1", "WebApplication1\WebApplication1.csproj", "{D79894C8-C0AE-46B8-A06D-059CB0E25D4E}"
EndProject
Global
	GlobalSection(SolutionConfigurationPlatforms) = preSolution
		Debug|Any CPU = Debug|Any CPU
		Release|Any CPU = Release|Any CPU
	EndGlobalSection
	GlobalSection(ProjectConfigurationPlatforms) = postSolution
		{D79894C8-C0AE-46B8-A06D-059CB0E25D4E}.Debug|Any CPU.ActiveCfg = Debug|Any CPU
		{D79894C8-C0AE-46B8-A06D-059CB0E25D4E}.Debug|Any CPU.Build.0 = Debug|Any CPU
		{D79894C8-C0AE-46B8-A06D-059CB0E25D4E}.Release|Any CPU.ActiveCfg = Release|Any CPU
		{D79894C8-C0AE-46B8-A06D-059CB0E25D4E}.Release|Any CPU.Build.0 = Release|Any CPU
	EndGlobalSection
	GlobalSection(SolutionProperties) = preSolution
		HideSolutionNode = FALSE
	EndGlobalSection
EndGlobal
